{
  "name": "backend-frontend",
  "version": "0.1.0",
  "lockfileVersion": 1,
  "requires": true,
  "dependencies": {
    "headful": {
      "version": "1.0.3",
      "resolved": "https://registry.npmjs.org/headful/-/headful-1.0.3.tgz",
      "integrity": "sha512-vF9Vfddn1QWmziliht2mji6ayI78+hUuSC+Kt0GEqLw/51zWgi1KF7oLtIQf3nlkg8sQQOlznkkIaF4W9lIt9w=="
    },
    "vue-headful": {
      "version": "2.0.1",
      "resolved": "https://registry.npmjs.org/vue-headful/-/vue-headful-2.0.1.tgz",
      "integrity": "sha512-h2G/jXCi2hAx6O3gwWN8uTj1eQlSKNHgvkCVZcokZneGczWCRghAUCFYrOvZQM+F+SyFB3YXqoI62rE0Sc8QsA==",
      "requires": {
        "headful": "^1.0.3"
      }
    }
  }
}
